
Microsoft Visual Studio Solution File, Format Version 12.00
# Visual Studio Version 16
VisualStudioVersion = 16.0.29326.143
MinimumVisualStudioVersion = 10.0.40219.1
Project("{FAE04EC0-301F-11D3-BF4B-00C04F79EFBC}") = "VSHelloWorld_160221058", "VSHelloWorld_160221058\VSHelloWorld_160221058.csproj", "{CBB7BC9E-9FB9-427C-8760-AED79B47A46A}"
EndProject
Global
	GlobalSection(SolutionConfigurationPlatforms) = preSolution
		Debug|Any CPU = Debug|Any CPU
		Release|Any CPU = Release|Any CPU
	EndGlobalSection
	GlobalSection(ProjectConfigurationPlatforms) = postSolution
		{CBB7BC9E-9FB9-427C-8760-AED79B47A46A}.Debug|Any CPU.ActiveCfg = Debug|Any CPU
		{CBB7BC9E-9FB9-427C-8760-AED79B47A46A}.Debug|Any CPU.Build.0 = Debug|Any CPU
		{CBB7BC9E-9FB9-427C-8760-AED79B47A46A}.Release|Any CPU.ActiveCfg = Release|Any CPU
		{CBB7BC9E-9FB9-427C-8760-AED79B47A46A}.Release|Any CPU.Build.0 = Release|Any CPU
	EndGlobalSection
	GlobalSection(SolutionProperties) = preSolution
		HideSolutionNode = FALSE
	EndGlobalSection
	GlobalSection(ExtensibilityGlobals) = postSolution
		SolutionGuid = {16E41E43-B5E6-43CD-8B04-D8EA407E667A}
	EndGlobalSection
EndGlobal
